// !$*UTF8*$!
{
	archiveVersion = 1;
	classes = {
	};
	objectVersion = 55;
	objects = {

/* Begin PBXBuildFile section */
		290E773E279FDE38006D159E /* AppDelegate.swift in Sources */ = {isa = PBXBuildFile; fileRef = 290E773D279FDE38006D159E /* AppDelegate.swift */; };
		290E7740279FDE38006D159E /* SceneDelegate.swift in Sources */ = {isa = PBXBuildFile; fileRef = 290E773F279FDE38006D159E /* SceneDelegate.swift */; };
		290E7742279FDE38006D159E /* ViewController.swift in Sources */ = {isa = PBXBuildFile; fileRef = 290E7741279FDE38006D159E /* ViewController.swift */; };
		290E7745279FDE38006D159E /* Main.storyboard in Resources */ = {isa = PBXBuildFile; fileRef = 290E7743279FDE38006D159E /* Main.storyboard */; };
		290E7747279FDE3A006D159E /* Assets.xcassets in Resources */ = {isa = PBXBuildFile; fileRef = 290E7746279FDE3A006D159E /* Assets.xcassets */; };
		290E774A279FDE3A006D159E /* LaunchScreen.storyboard in Resources */ = {isa = PBXBuildFile; fileRef = 290E7748279FDE3A006D159E /* LaunchScreen.storyboard */; };
		290E7755279FDE3A006D159E /* CH02_LEDBoardTests.swift in Sources */ = {isa = PBXBuildFile; fileRef = 290E7754279FDE3A006D159E /* CH02_LEDBoardTests.swift */; };
		290E775F279FDE3A006D159E /* CH02_LEDBoardUITests.swift in Sources */ = {isa = PBXBuildFile; fileRef = 290E775E279FDE3A006D159E /* CH02_LEDBoardUITests.swift */; };
		290E7761279FDE3A006D159E /* CH02_LEDBoardUITestsLaunchTests.swift in Sources */ = {isa = PBXBuildFile; fileRef = 290E7760279FDE3A006D159E /* CH02_LEDBoardUITestsLaunchTests.swift */; };
		290E776E279FE562006D159E /* SettingViewController.swift in Sources */ = {isa = PBXBuildFile; fileRef = 290E776D279FE562006D159E /* SettingViewController.swift */; };
/* End PBXBuildFile section */

/* Begin PBXContainerItemProxy section */
		290E7751279FDE3A006D159E /* PBXContainerItemProxy */ = {
			isa = PBXContainerItemProxy;
			containerPortal = 290E7732279FDE38006D159E /* Project object */;
			proxyType = 1;
			remoteGlobalIDString = 290E7739279FDE38006D159E;
			remoteInfo = CH02_LEDBoard;
		};
		290E775B279FDE3A006D159E /* PBXContainerItemProxy */ = {
			isa = PBXContainerItemProxy;
			containerPortal = 290E7732279FDE38006D159E /* Project object */;
			proxyType = 1;
			remoteGlobalIDString = 290E7739279FDE38006D159E;
			remoteInfo = CH02_LEDBoard;
		};
/* End PBXContainerItemProxy section */

/* Begin PBXFileReference section */
		290E773A279FDE38006D159E /* CH02_LEDBoard.app */ = {isa = PBXFileReference; explicitFileType = wrapper.application; includeInIndex = 0; path = CH02_LEDBoard.app; sourceTree = BUILT_PRODUCTS_DIR; };
		290E773D279FDE38006D159E /* AppDelegate.swift */ = {isa = PBXFileReference; lastKnownFileType = sourcecode.swift; path = AppDelegate.swift; sourceTree = "<group>"; };
		290E773F279FDE38006D159E /* SceneDelegate.swift */ = {isa = PBXFileReference; lastKnownFileType = sourcecode.swift; path = SceneDelegate.swift; sourceTree = "<group>"; };
		290E7741279FDE38006D159E /* ViewController.swift */ = {isa = PBXFileReference; lastKnownFileType = sourcecode.swift; path = ViewController.swift; sourceTree = "<group>"; };
		290E7744279FDE38006D159E /* Base */ = {isa = PBXFileReference; lastKnownFileType = file.storyboard; name = Base; path = Base.lproj/Main.storyboard; sourceTree = "<group>"; };
		290E7746279FDE3A006D159E /* Assets.xcassets */ = {isa = PBXFileReference; lastKnownFileType = folder.assetcatalog; path = Assets.xcassets; sourceTree = "<group>"; };
		290E7749279FDE3A006D159E /* Base */ = {isa = PBXFileReference; lastKnownFileType = file.storyboard; name = Base; path = Base.lproj/LaunchScreen.storyboard; sourceTree = "<group>"; };
		290E774B279FDE3A006D159E /* Info.plist */ = {isa = PBXFileReference; lastKnownFileType = text.plist.xml; path = Info.plist; sourceTree = "<group>"; };
		290E7750279FDE3A006D159E /* CH02_LEDBoardTests.xctest */ = {isa = PBXFileReference; explicitFileType = wrapper.cfbundle; includeInIndex = 0; path = CH02_LEDBoardTests.xctest; sourceTree = BUILT_PRODUCTS_DIR; };
		290E7754279FDE3A006D159E /* CH02_LEDBoardTests.swift */ = {isa = PBXFileReference; lastKnownFileType = sourcecode.swift; path = CH02_LEDBoardTests.swift; sourceTree = "<group>"; };
		290E775A279FDE3A006D159E /* CH02_LEDBoardUITests.xctest */ = {isa = PBXFileReference; explicitFileType = wrapper.cfbundle; includeInIndex = 0; path = CH02_LEDBoardUITests.xctest; sourceTree = BUILT_PRODUCTS_DIR; };
		290E775E279FDE3A006D159E /* CH02_LEDBoardUITests.swift */ = {isa = PBXFileReference; lastKnownFileType = sourcecode.swift; path = CH02_LEDBoardUITests.swift; sourceTree = "<group>"; };
		290E7760279FDE3A006D159E /* CH02_LEDBoardUITestsLaunchTests.swift */ = {isa = PBXFileReference; lastKnownFileType = sourcecode.swift; path = CH02_LEDBoardUITestsLaunchTests.swift; sourceTree = "<group>"; };
		290E776D279FE562006D159E /* SettingViewController.swift */ = {isa = PBXFileReference; lastKnownFileType = sourcecode.swift; path = SettingViewController.swift; sourceTree = "<group>"; };
/* End PBXFileReference section */

/* Begin PBXFrameworksBuildPhase section */
		290E7737279FDE38006D159E /* Frameworks */ = {
			isa = PBXFrameworksBuildPhase;
			buildActionMask = 2147483647;
			files = (
			);
			runOnlyForDeploymentPostprocessing = 0;
		};
		290E774D279FDE3A006D159E /* Frameworks */ = {
			isa = PBXFrameworksBuildPhase;
			buildActionMask = 2147483647;
			files = (
			);
			runOnlyForDeploymentPostprocessing = 0;
		};
		290E7757279FDE3A006D159E /* Frameworks */ = {
			isa = PBXFrameworksBuildPhase;
			buildActionMask = 2147483647;
			files = (
			);
			runOnlyForDeploymentPostprocessing = 0;
		};
/* End PBXFrameworksBuildPhase section */

/* Begin PBXGroup section */
		290E7731279FDE38006D159E = {
			isa = PBXGroup;
			children = (
				290E773C279FDE38006D159E /* CH02_LEDBoard */,
				290E7753279FDE3A006D159E /* CH02_LEDBoardTests */,
				290E775D279FDE3A006D159E /* CH02_LEDBoardUITests */,
				290E773B279FDE38006D159E /* Products */,
			);
			sourceTree = "<group>";
		};
		290E773B279FDE38006D159E /* Products */ = {
			isa = PBXGroup;
			children = (
				290E773A279FDE38006D159E /* CH02_LEDBoard.app */,
				290E7750279FDE3A006D159E /* CH02_LEDBoardTests.xctest */,
				290E775A279FDE3A006D159E /* CH02_LEDBoardUITests.xctest */,
			);
			name = Products;
			sourceTree = "<group>";
		};
		290E773C279FDE38006D159E /* CH02_LEDBoard */ = {
			isa = PBXGroup;
			children = (
				290E773D279FDE38006D159E /* AppDelegate.swift */,
				290E773F279FDE38006D159E /* SceneDelegate.swift */,
				290E7741279FDE38006D159E /* ViewController.swift */,
				290E7743279FDE38006D159E /* Main.storyboard */,
				290E7746279FDE3A006D159E /* Assets.xcassets */,
				290E7748279FDE3A006D159E /* LaunchScreen.storyboard */,
				290E774B279FDE3A006D159E /* Info.plist */,
				290E776D279FE562006D159E /* SettingViewController.swift */,
			);
			path = CH02_LEDBoard;
			sourceTree = "<group>";
		};
		290E7753279FDE3A006D159E /* CH02_LEDBoardTests */ = {
			isa = PBXGroup;
			children = (
				290E7754279FDE3A006D159E /* CH02_LEDBoardTests.swift */,
			);
			path = CH02_LEDBoardTests;
			sourceTree = "<group>";
		};
		290E775D279FDE3A006D159E /* CH02_LEDBoardUITests */ = {
			isa = PBXGroup;
			children = (
				290E775E279FDE3A006D159E /* CH02_LEDBoardUITests.swift */,
				290E7760279FDE3A006D159E /* CH02_LEDBoardUITestsLaunchTests.swift */,
			);
			path = CH02_LEDBoardUITests;
			sourceTree = "<group>";
		};
/* End PBXGroup section */

/* Begin PBXNativeTarget section */
		290E7739279FDE38006D159E /* CH02_LEDBoard */ = {
			isa = PBXNativeTarget;
			buildConfigurationList = 290E7764279FDE3A006D159E /* Build configuration list for PBXNativeTarget "CH02_LEDBoard" */;
			buildPhases = (
				290E7736279FDE38006D159E /* Sources */,
				290E7737279FDE38006D159E /* Frameworks */,
				290E7738279FDE38006D159E /* Resources */,
			);
			buildRules = (
			);
			dependencies = (
			);
			name = CH02_LEDBoard;
			productName = CH02_LEDBoard;
			productReference = 290E773A279FDE38006D159E /* CH02_LEDBoard.app */;
			productType = "com.apple.product-type.application";
		};
		290E774F279FDE3A006D159E /* CH02_LEDBoardTests */ = {
			isa = PBXNativeTarget;
			buildConfigurationList = 290E7767279FDE3A006D159E /* Build configuration list for PBXNativeTarget "CH02_LEDBoardTests" */;
			buildPhases = (
				290E774C279FDE3A006D159E /* Sources */,
				290E774D279FDE3A006D159E /* Frameworks */,
				290E774E279FDE3A006D159E /* Resources */,
			);
			buildRules = (
			);
			dependencies = (
				290E7752279FDE3A006D159E /* PBXTargetDependency */,
			);
			name = CH02_LEDBoardTests;
			productName = CH02_LEDBoardTests;
			productReference = 290E7750279FDE3A006D159E /* CH02_LEDBoardTests.xctest */;
			productType = "com.apple.product-type.bundle.unit-test";
		};
		290E7759279FDE3A006D159E /* CH02_LEDBoardUITests */ = {
			isa = PBXNativeTarget;
			buildConfigurationList = 290E776A279FDE3A006D159E /* Build configuration list for PBXNativeTarget "CH02_LEDBoardUITests" */;
			buildPhases = (
				290E7756279FDE3A006D159E /* Sources */,
				290E7757279FDE3A006D159E /* Frameworks */,
				290E7758279FDE3A006D159E /* Resources */,
			);
			buildRules = (
			);
			dependencies = (
				290E775C279FDE3A006D159E /* PBXTargetDependency */,
			);
			name = CH02_LEDBoardUITests;
			productName = CH02_LEDBoardUITests;
			productReference = 290E775A279FDE3A006D159E /* CH02_LEDBoardUITests.xctest */;
			productType = "com.apple.product-type.bundle.ui-testing";
		};
/* End PBXNativeTarget section */

/* Begin PBXProject section */
		290E7732279FDE38006D159E /* Project object */ = {
			isa = PBXProject;
			attributes = {
				BuildIndependentTargetsInParallel = 1;
				LastSwiftUpdateCheck = 1320;
				LastUpgradeCheck = 1320;
				TargetAttributes = {
					290E7739279FDE38006D159E = {
						CreatedOnToolsVersion = 13.2.1;
					};
					290E774F279FDE3A006D159E = {
						CreatedOnToolsVersion = 13.2.1;
						TestTargetID = 290E7739279FDE38006D159E;
					};
					290E7759279FDE3A006D159E = {
						CreatedOnToolsVersion = 13.2.1;
						TestTargetID = 290E7739279FDE38006D159E;
					};
				};
			};
			buildConfigurationList = 290E7735279FDE38006D159E /* Build configuration list for PBXProject "CH02_LEDBoard" */;
			compatibilityVersion = "Xcode 13.0";
			developmentRegion = en;
			hasScannedForEncodings = 0;
			knownRegions = (
				en,
				Base,
			);
			mainGroup = 290E7731279FDE38006D159E;
			productRefGroup = 290E773B279FDE38006D159E /* Products */;
			projectDirPath = "";
			projectRoot = "";
			targets = (
				290E7739279FDE38006D159E /* CH02_LEDBoard */,
				290E774F279FDE3A006D159E /* CH02_LEDBoardTests */,
				290E7759279FDE3A006D159E /* CH02_LEDBoardUITests */,
			);
		};
/* End PBXProject section */

/* Begin PBXResourcesBuildPhase section */
		290E7738279FDE38006D159E /* Resources */ = {
			isa = PBXResourcesBuildPhase;
			buildActionMask = 2147483647;
			files = (
				290E774A279FDE3A006D159E /* LaunchScreen.storyboard in Resources */,
				290E7747279FDE3A006D159E /* Assets.xcassets in Resources */,
				290E7745279FDE38006D159E /* Main.storyboard in Resources */,
			);
			runOnlyForDeploymentPostprocessing = 0;
		};
		290E774E279FDE3A006D159E /* Resources */ = {
			isa = PBXResourcesBuildPhase;
			buildActionMask = 2147483647;
			files = (
			);
			runOnlyForDeploymentPostprocessing = 0;
		};
		290E7758279FDE3A006D159E /* Resources */ = {
			isa = PBXResourcesBuildPhase;
			buildActionMask = 2147483647;
			files = (
			);
			runOnlyForDeploymentPostprocessing = 0;
		};
/* End PBXResourcesBuildPhase section */

/* Begin PBXSourcesBuildPhase section */
		290E7736279FDE38006D159E /* Sources */ = {
			isa = PBXSourcesBuildPhase;
			buildActionMask = 2147483647;
			files = (
				290E7742279FDE38006D159E /* ViewController.swift in Sources */,
				290E773E279FDE38006D159E /* AppDelegate.swift in Sources */,
				290E7740279FDE38006D159E /* SceneDelegate.swift in Sources */,
				290E776E279FE562006D159E /* SettingViewController.swift in Sources */,
			);
			runOnlyForDeploymentPostprocessing = 0;
		};
		290E774C279FDE3A006D159E /* Sources */ = {
			isa = PBXSourcesBuildPhase;
			buildActionMask = 2147483647;
			files = (
				290E7755279FDE3A006D159E /* CH02_LEDBoardTests.swift in Sources */,
			);
			runOnlyForDeploymentPostprocessing = 0;
		};
		290E7756279FDE3A006D159E /* Sources */ = {
			isa = PBXSourcesBuildPhase;
			buildActionMask = 2147483647;
			files = (
				290E7761279FDE3A006D159E /* CH02_LEDBoardUITestsLaunchTests.swift in Sources */,
				290E775F279FDE3A006D159E /* CH02_LEDBoardUITests.swift in Sources */,
			);
			runOnlyForDeploymentPostprocessing = 0;
		};
/* End PBXSourcesBuildPhase section */

/* Begin PBXTargetDependency section */
		290E7752279FDE3A006D159E /* PBXTargetDependency */ = {
			isa = PBXTargetDependency;
			target = 290E7739279FDE38006D159E /* CH02_LEDBoard */;
			targetProxy = 290E7751279FDE3A006D159E /* PBXContainerItemProxy */;
		};
		290E775C279FDE3A006D159E /* PBXTargetDependency */ = {
			isa = PBXTargetDependency;
			target = 290E7739279FDE38006D159E /* CH02_LEDBoard */;
			targetProxy = 290E775B279FDE3A006D159E /* PBXContainerItemProxy */;
		};
/* End PBXTargetDependency section */

/* Begin PBXVariantGroup section */
		290E7743279FDE38006D159E /* Main.storyboard */ = {
			isa = PBXVariantGroup;
			children = (
				290E7744279FDE38006D159E /* Base */,
			);
			name = Main.storyboard;
			sourceTree = "<group>";
		};
		290E7748279FDE3A006D159E /* LaunchScreen.storyboard */ = {
			isa = PBXVariantGroup;
			children = (
				290E7749279FDE3A006D159E /* Base */,
			);
			name = LaunchScreen.storyboard;
			sourceTree = "<group>";
		};
/* End PBXVariantGroup section */

/* Begin XCBuildConfiguration section */
		290E7762279FDE3A006D159E /* Debug */ = {
			isa = XCBuildConfiguration;
			buildSettings = {
				ALWAYS_SEARCH_USER_PATHS = NO;
				CLANG_ANALYZER_NONNULL = YES;
				CLANG_ANALYZER_NUMBER_OBJECT_CONVERSION = YES_AGGRESSIVE;
				CLANG_CXX_LANGUAGE_STANDARD = "gnu++17";
				CLANG_CXX_LIBRARY = "libc++";
				CLANG_ENABLE_MODULES = YES;
				CLANG_ENABLE_OBJC_ARC = YES;
				CLANG_ENABLE_OBJC_WEAK = YES;
				CLANG_WARN_BLOCK_CAPTURE_AUTORELEASING = YES;
				CLANG_WARN_BOOL_CONVERSION = YES;
				CLANG_WARN_COMMA = YES;
				CLANG_WARN_CONSTANT_CONVERSION = YES;
				CLANG_WARN_DEPRECATED_OBJC_IMPLEMENTATIONS = YES;
				CLANG_WARN_DIRECT_OBJC_ISA_USAGE = YES_ERROR;
				CLANG_WARN_DOCUMENTATION_COMMENTS = YES;
				CLANG_WARN_EMPTY_BODY = YES;
				CLANG_WARN_ENUM_CONVERSION = YES;
				CLANG_WARN_INFINITE_RECURSION = YES;
				CLANG_WARN_INT_CONVERSION = YES;
				CLANG_WARN_NON_LITERAL_NULL_CONVERSION = YES;
				CLANG_WARN_OBJC_IMPLICIT_RETAIN_SELF = YES;
				CLANG_WARN_OBJC_LITERAL_CONVERSION = YES;
				CLANG_WARN_OBJC_ROOT_CLASS = YES_ERROR;
				CLANG_WARN_QUOTED_INCLUDE_IN_FRAMEWORK_HEADER = YES;
				CLANG_WARN_RANGE_LOOP_ANALYSIS = YES;
				CLANG_WARN_STRICT_PROTOTYPES = YES;
				CLANG_WARN_SUSPICIOUS_MOVE = YES;
				CLANG_WARN_UNGUARDED_AVAILABILITY = YES_AGGRESSIVE;
				CLANG_WARN_UNREACHABLE_CODE = YES;
				CLANG_WARN__DUPLICATE_METHOD_MATCH = YES;
				COPY_PHASE_STRIP = NO;
				DEBUG_INFORMATION_FORMAT = dwarf;
				ENABLE_STRICT_OBJC_MSGSEND = YES;
				ENABLE_TESTABILITY = YES;
				GCC_C_LANGUAGE_STANDARD = gnu11;
				GCC_DYNAMIC_NO_PIC = NO;
				GCC_NO_COMMON_BLOCKS = YES;
				GCC_OPTIMIZATION_LEVEL = 0;
				GCC_PREPROCESSOR_DEFINITIONS = (
					"DEBUG=1",
					"$(inherited)",
				);
				GCC_WARN_64_TO_32_BIT_CONVERSION = YES;
				GCC_WARN_ABOUT_RETURN_TYPE = YES_ERROR;
				GCC_WARN_UNDECLARED_SELECTOR = YES;
				GCC_WARN_UNINITIALIZED_AUTOS = YES_AGGRESSIVE;
				GCC_WARN_UNUSED_FUNCTION = YES;
				GCC_WARN_UNUSED_VARIABLE = YES;
				IPHONEOS_DEPLOYMENT_TARGET = 15.2;
				MTL_ENABLE_DEBUG_INFO = INCLUDE_SOURCE;
				MTL_FAST_MATH = YES;
				ONLY_ACTIVE_ARCH = YES;
				SDKROOT = iphoneos;
				SWIFT_ACTIVE_COMPILATION_CONDITIONS = DEBUG;
				SWIFT_OPTIMIZATION_LEVEL = "-Onone";
			};
			name = Debug;
		};
		290E7763279FDE3A006D159E /* Release */ = {
			isa = XCBuildConfiguration;
			buildSettings = {
				ALWAYS_SEARCH_USER_PATHS = NO;
				CLANG_ANALYZER_NONNULL = YES;
				CLANG_ANALYZER_NUMBER_OBJECT_CONVERSION = YES_AGGRESSIVE;
				CLANG_CXX_LANGUAGE_STANDARD = "gnu++17";
				CLANG_CXX_LIBRARY = "libc++";
				CLANG_ENABLE_MODULES = YES;
				CLANG_ENABLE_OBJC_ARC = YES;
				CLANG_ENABLE_OBJC_WEAK = YES;
				CLANG_WARN_BLOCK_CAPTURE_AUTORELEASING = YES;
				CLANG_WARN_BOOL_CONVERSION = YES;
				CLANG_WARN_COMMA = YES;
				CLANG_WARN_CONSTANT_CONVERSION = YES;
				CLANG_WARN_DEPRECATED_OBJC_IMPLEMENTATIONS = YES;
				CLANG_WARN_DIRECT_OBJC_ISA_USAGE = YES_ERROR;
				CLANG_WARN_DOCUMENTATION_COMMENTS = YES;
				CLANG_WARN_EMPTY_BODY = YES;
				CLANG_WARN_ENUM_CONVERSION = YES;
				CLANG_WARN_INFINITE_RECURSION = YES;
				CLANG_WARN_INT_CONVERSION = YES;
				CLANG_WARN_NON_LITERAL_NULL_CONVERSION = YES;
				CLANG_WARN_OBJC_IMPLICIT_RETAIN_SELF = YES;
				CLANG_WARN_OBJC_LITERAL_CONVERSION = YES;
				CLANG_WARN_OBJC_ROOT_CLASS = YES_ERROR;
				CLANG_WARN_QUOTED_INCLUDE_IN_FRAMEWORK_HEADER = YES;
				CLANG_WARN_RANGE_LOOP_ANALYSIS = YES;
				CLANG_WARN_STRICT_PROTOTYPES = YES;
				CLANG_WARN_SUSPICIOUS_MOVE = YES;
				CLANG_WARN_UNGUARDED_AVAILABILITY = YES_AGGRESSIVE;
				CLANG_WARN_UNREACHABLE_CODE = YES;
				CLANG_WARN__DUPLICATE_METHOD_MATCH = YES;
				COPY_PHASE_STRIP = NO;
				DEBUG_INFORMATION_FORMAT = "dwarf-with-dsym";
				ENABLE_NS_ASSERTIONS = NO;
				ENABLE_STRICT_OBJC_MSGSEND = YES;
				GCC_C_LANGUAGE_STANDARD = gnu11;
				GCC_NO_COMMON_BLOCKS = YES;
				GCC_WARN_64_TO_32_BIT_CONVERSION = YES;
				GCC_WARN_ABOUT_RETURN_TYPE = YES_ERROR;
				GCC_WARN_UNDECLARED_SELECTOR = YES;
				GCC_WARN_UNINITIALIZED_AUTOS = YES_AGGRESSIVE;
				GCC_WARN_UNUSED_FUNCTION = YES;
				GCC_WARN_UNUSED_VARIABLE = YES;
				IPHONEOS_DEPLOYMENT_TARGET = 15.2;
				MTL_ENABLE_DEBUG_INFO = NO;
				MTL_FAST_MATH = YES;
				SDKROOT = iphoneos;
				SWIFT_COMPILATION_MODE = wholemodule;
				SWIFT_OPTIMIZATION_LEVEL = "-O";
				VALIDATE_PRODUCT = YES;
			};
			name = Release;
		};
		290E7765279FDE3A006D159E /* Debug */ = {
			isa = XCBuildConfiguration;
			buildSettings = {
				ASSETCATALOG_COMPILER_APPICON_NAME = AppIcon;
				ASSETCATALOG_COMPILER_GLOBAL_ACCENT_COLOR_NAME = AccentColor;
				CODE_SIGN_STYLE = Automatic;
				CURRENT_PROJECT_VERSION = 1;
				DEVELOPMENT_TEAM = 4JPTB87CQ5;
				GENERATE_INFOPLIST_FILE = YES;
				INFOPLIST_FILE = CH02_LEDBoard/Info.plist;
				INFOPLIST_KEY_UIApplicationSupportsIndirectInputEvents = YES;
				INFOPLIST_KEY_UILaunchStoryboardName = LaunchScreen;
				INFOPLIST_KEY_UIMainStoryboardFile = Main;
				INFOPLIST_KEY_UISupportedInterfaceOrientations_iPad = "UIInterfaceOrientationPortrait UIInterfaceOrientationPortraitUpsideDown UIInterfaceOrientationLandscapeLeft UIInterfaceOrientationLandscapeRight";
				INFOPLIST_KEY_UISupportedInterfaceOrientations_iPhone = "UIInterfaceOrientationPortrait UIInterfaceOrientationLandscapeLeft UIInterfaceOrientationLandscapeRight";
				LD_RUNPATH_SEARCH_PATHS = (
					"$(inherited)",
					"@executable_path/Frameworks",
				);
				MARKETING_VERSION = 1.0;
				PRODUCT_BUNDLE_IDENTIFIER = "nkrang.CH02-LEDBoard";
				PRODUCT_NAME = "$(TARGET_NAME)";
				SWIFT_EMIT_LOC_STRINGS = YES;
				SWIFT_VERSION = 5.0;
				TARGETED_DEVICE_FAMILY = "1,2";
			};
			name = Debug;
		};
		290E7766279FDE3A006D159E /* Release */ = {
			isa = XCBuildConfiguration;
			buildSettings = {
				ASSETCATALOG_COMPILER_APPICON_NAME = AppIcon;
				ASSETCATALOG_COMPILER_GLOBAL_ACCENT_COLOR_NAME = AccentColor;
				CODE_SIGN_STYLE = Automatic;
				CURRENT_PROJECT_VERSION = 1;
				DEVELOPMENT_TEAM = 4JPTB87CQ5;
				GENERATE_INFOPLIST_FILE = YES;
				INFOPLIST_FILE = CH02_LEDBoard/Info.plist;
				INFOPLIST_KEY_UIApplicationSupportsIndirectInputEvents = YES;
				INFOPLIST_KEY_UILaunchStoryboardName = LaunchScreen;
				INFOPLIST_KEY_UIMainStoryboardFile = Main;
				INFOPLIST_KEY_UISupportedInterfaceOrientations_iPad = "UIInterfaceOrientationPortrait UIInterfaceOrientationPortraitUpsideDown UIInterfaceOrientationLandscapeLeft UIInterfaceOrientationLandscapeRight";
				INFOPLIST_KEY_UISupportedInterfaceOrientations_iPhone = "UIInterfaceOrientationPortrait UIInterfaceOrientationLandscapeLeft UIInterfaceOrientationLandscapeRight";
				LD_RUNPATH_SEARCH_PATHS = (
					"$(inherited)",
					"@executable_path/Frameworks",
				);
				MARKETING_VERSION = 1.0;
				PRODUCT_BUNDLE_IDENTIFIER = "nkrang.CH02-LEDBoard";
				PRODUCT_NAME = "$(TARGET_NAME)";
				SWIFT_EMIT_LOC_STRINGS = YES;
				SWIFT_VERSION = 5.0;
				TARGETED_DEVICE_FAMILY = "1,2";
			};
			name = Release;
		};
		290E7768279FDE3A006D159E /* Debug */ = {
			isa = XCBuildConfiguration;
			buildSettings = {
				ALWAYS_EMBED_SWIFT_STANDARD_LIBRARIES = YES;
				BUNDLE_LOADER = "$(TEST_HOST)";
				CODE_SIGN_STYLE = Automatic;
				CURRENT_PROJECT_VERSION = 1;
				DEVELOPMENT_TEAM = 4JPTB87CQ5;
				GENERATE_INFOPLIST_FILE = YES;
				IPHONEOS_DEPLOYMENT_TARGET = 15.2;
				MARKETING_VERSION = 1.0;
				PRODUCT_BUNDLE_IDENTIFIER = "nkrang.CH02-LEDBoardTests";
				PRODUCT_NAME = "$(TARGET_NAME)";
				SWIFT_EMIT_LOC_STRINGS = NO;
				SWIFT_VERSION = 5.0;
				TARGETED_DEVICE_FAMILY = "1,2";
				TEST_HOST = "$(BUILT_PRODUCTS_DIR)/CH02_LEDBoard.app/CH02_LEDBoard";
			};
			name = Debug;
		};
		290E7769279FDE3A006D159E /* Release */ = {
			isa = XCBuildConfiguration;
			buildSettings = {
				ALWAYS_EMBED_SWIFT_STANDARD_LIBRARIES = YES;
				BUNDLE_LOADER = "$(TEST_HOST)";
				CODE_SIGN_STYLE = Automatic;
				CURRENT_PROJECT_VERSION = 1;
				DEVELOPMENT_TEAM = 4JPTB87CQ5;
				GENERATE_INFOPLIST_FILE = YES;
				IPHONEOS_DEPLOYMENT_TARGET = 15.2;
				MARKETING_VERSION = 1.0;
				PRODUCT_BUNDLE_IDENTIFIER = "nkrang.CH02-LEDBoardTests";
				PRODUCT_NAME = "$(TARGET_NAME)";
				SWIFT_EMIT_LOC_STRINGS = NO;
				SWIFT_VERSION = 5.0;
				TARGETED_DEVICE_FAMILY = "1,2";
				TEST_HOST = "$(BUILT_PRODUCTS_DIR)/CH02_LEDBoard.app/CH02_LEDBoard";
			};
			name = Release;
		};
		290E776B279FDE3A006D159E /* Debug */ = {
			isa = XCBuildConfiguration;
			buildSettings = {
				ALWAYS_EMBED_SWIFT_STANDARD_LIBRARIES = YES;
				CODE_SIGN_STYLE = Automatic;
				CURRENT_PROJECT_VERSION = 1;
				DEVELOPMENT_TEAM = 4JPTB87CQ5;
				GENERATE_INFOPLIST_FILE = YES;
				MARKETING_VERSION = 1.0;
				PRODUCT_BUNDLE_IDENTIFIER = "nkrang.CH02-LEDBoardUITests";
				PRODUCT_NAME = "$(TARGET_NAME)";
				SWIFT_EMIT_LOC_STRINGS = NO;
				SWIFT_VERSION = 5.0;
				TARGETED_DEVICE_FAMILY = "1,2";
				TEST_TARGET_NAME = CH02_LEDBoard;
			};
			name = Debug;
		};
		290E776C279FDE3A006D159E /* Release */ = {
			isa = XCBuildConfiguration;
			buildSettings = {
				ALWAYS_EMBED_SWIFT_STANDARD_LIBRARIES = YES;
				CODE_SIGN_STYLE = Automatic;
				CURRENT_PROJECT_VERSION = 1;
				DEVELOPMENT_TEAM = 4JPTB87CQ5;
				GENERATE_INFOPLIST_FILE = YES;
				MARKETING_VERSION = 1.0;
				PRODUCT_BUNDLE_IDENTIFIER = "nkrang.CH02-LEDBoardUITests";
				PRODUCT_NAME = "$(TARGET_NAME)";
				SWIFT_EMIT_LOC_STRINGS = NO;
				SWIFT_VERSION = 5.0;
				TARGETED_DEVICE_FAMILY = "1,2";
				TEST_TARGET_NAME = CH02_LEDBoard;
			};
			name = Release;
		};
/* End XCBuildConfiguration section */

/* Begin XCConfigurationList section */
		290E7735279FDE38006D159E /* Build configuration list for PBXProject "CH02_LEDBoard" */ = {
			isa = XCConfigurationList;
			buildConfigurations = (
				290E7762279FDE3A006D159E /* Debug */,
				290E7763279FDE3A006D159E /* Release */,
			);
			defaultConfigurationIsVisible = 0;
			defaultConfigurationName = Release;
		};
		290E7764279FDE3A006D159E /* Build configuration list for PBXNativeTarget "CH02_LEDBoard" */ = {
			isa = XCConfigurationList;
			buildConfigurations = (
				290E7765279FDE3A006D159E /* Debug */,
				290E7766279FDE3A006D159E /* Release */,
			);
			defaultConfigurationIsVisible = 0;
			defaultConfigurationName = Release;
		};
		290E7767279FDE3A006D159E /* Build configuration list for PBXNativeTarget "CH02_LEDBoardTests" */ = {
			isa = XCConfigurationList;
			buildConfigurations = (
				290E7768279FDE3A006D159E /* Debug */,
				290E7769279FDE3A006D159E /* Release */,
			);
			defaultConfigurationIsVisible = 0;
			defaultConfigurationName = Release;
		};
		290E776A279FDE3A006D159E /* Build configuration list for PBXNativeTarget "CH02_LEDBoardUITests" */ = {
			isa = XCConfigurationList;
			buildConfigurations = (
				290E776B279FDE3A006D159E /* Debug */,
				290E776C279FDE3A006D159E /* Release */,
			);
			defaultConfigurationIsVisible = 0;
			defaultConfigurationName = Release;
		};
/* End XCConfigurationList section */
	};
	rootObject = 290E7732279FDE38006D159E /* Project object */;
}
